// !$*UTF8*$!
{
	archiveVersion = 1;
	classes = {
	};
	objectVersion = 50;
	objects = {

/* Begin PBXBuildFile section */
		BFD8BFA226F6951B00DC03BC /* AfricaApp.swift in Sources */ = {isa = PBXBuildFile; fileRef = BFD8BFA126F6951B00DC03BC /* AfricaApp.swift */; };
		BFD8BFA426F6951B00DC03BC /* ContentView.swift in Sources */ = {isa = PBXBuildFile; fileRef = BFD8BFA326F6951B00DC03BC /* ContentView.swift */; };
		BFD8BFA626F6952500DC03BC /* Assets.xcassets in Resources */ = {isa = PBXBuildFile; fileRef = BFD8BFA526F6952500DC03BC /* Assets.xcassets */; };
		BFD8BFA926F6952500DC03BC /* Preview Assets.xcassets in Resources */ = {isa = PBXBuildFile; fileRef = BFD8BFA826F6952500DC03BC /* Preview Assets.xcassets */; };
		BFD8BFCA26F6977000DC03BC /* covers.json in Resources */ = {isa = PBXBuildFile; fileRef = BFD8BFC626F6976F00DC03BC /* covers.json */; };
		BFD8BFCB26F6977000DC03BC /* locations.json in Resources */ = {isa = PBXBuildFile; fileRef = BFD8BFC726F6976F00DC03BC /* locations.json */; };
		BFD8BFCC26F6977000DC03BC /* videos.json in Resources */ = {isa = PBXBuildFile; fileRef = BFD8BFC826F6977000DC03BC /* videos.json */; };
		BFD8BFCD26F6977000DC03BC /* animals.json in Resources */ = {isa = PBXBuildFile; fileRef = BFD8BFC926F6977000DC03BC /* animals.json */; };
		BFD8BFD026F6996E00DC03BC /* VideoListView.swift in Sources */ = {isa = PBXBuildFile; fileRef = BFD8BFCF26F6996E00DC03BC /* VideoListView.swift */; };
		BFD8BFD226F6998000DC03BC /* MapView.swift in Sources */ = {isa = PBXBuildFile; fileRef = BFD8BFD126F6998000DC03BC /* MapView.swift */; };
		BFD8BFD426F6999600DC03BC /* GalleryView.swift in Sources */ = {isa = PBXBuildFile; fileRef = BFD8BFD326F6999600DC03BC /* GalleryView.swift */; };
		BFD8BFD626F699A700DC03BC /* MainView.swift in Sources */ = {isa = PBXBuildFile; fileRef = BFD8BFD526F699A700DC03BC /* MainView.swift */; };
		BFD8BFD926F7A2D600DC03BC /* CoverImageView.swift in Sources */ = {isa = PBXBuildFile; fileRef = BFD8BFD826F7A2D600DC03BC /* CoverImageView.swift */; };
		BFD8BFDC26F7A42300DC03BC /* CoverImageModel.swift in Sources */ = {isa = PBXBuildFile; fileRef = BFD8BFDB26F7A42300DC03BC /* CoverImageModel.swift */; };
		BFD8BFDF26F7A4F900DC03BC /* CodableBundleExtension.swift in Sources */ = {isa = PBXBuildFile; fileRef = BFD8BFDE26F7A4F900DC03BC /* CodableBundleExtension.swift */; };
		BFD8BFE126F7AAC800DC03BC /* AnimalListItemView.swift in Sources */ = {isa = PBXBuildFile; fileRef = BFD8BFE026F7AAC800DC03BC /* AnimalListItemView.swift */; };
		BFD8BFE326F7AC6300DC03BC /* AnimalModel.swift in Sources */ = {isa = PBXBuildFile; fileRef = BFD8BFE226F7AC6300DC03BC /* AnimalModel.swift */; };
		BFD8BFE526F7B06100DC03BC /* AnimalDetailView.swift in Sources */ = {isa = PBXBuildFile; fileRef = BFD8BFE426F7B06100DC03BC /* AnimalDetailView.swift */; };
		BFD8BFE726F7B28800DC03BC /* HeadingView.swift in Sources */ = {isa = PBXBuildFile; fileRef = BFD8BFE626F7B28800DC03BC /* HeadingView.swift */; };
		BFD8BFE926F7B3B900DC03BC /* InsetGalleryView.swift in Sources */ = {isa = PBXBuildFile; fileRef = BFD8BFE826F7B3B900DC03BC /* InsetGalleryView.swift */; };
		BFD8BFEB26F7C16F00DC03BC /* insetFactView.swift in Sources */ = {isa = PBXBuildFile; fileRef = BFD8BFEA26F7C16F00DC03BC /* insetFactView.swift */; };
		BFD8BFED26F7C40200DC03BC /* InsetMapView.swift in Sources */ = {isa = PBXBuildFile; fileRef = BFD8BFEC26F7C40200DC03BC /* InsetMapView.swift */; };
		BFD8BFEF26F7C72200DC03BC /* ExternalWebLinkView.swift in Sources */ = {isa = PBXBuildFile; fileRef = BFD8BFEE26F7C72200DC03BC /* ExternalWebLinkView.swift */; };
		BFD8BFFA26F7CC7A00DC03BC /* gorilla.mp4 in Resources */ = {isa = PBXBuildFile; fileRef = BFD8BFF026F7CC7600DC03BC /* gorilla.mp4 */; };
		BFD8BFFB26F7CC7A00DC03BC /* giraffe.mp4 in Resources */ = {isa = PBXBuildFile; fileRef = BFD8BFF126F7CC7600DC03BC /* giraffe.mp4 */; };
		BFD8BFFC26F7CC7A00DC03BC /* hippo.mp4 in Resources */ = {isa = PBXBuildFile; fileRef = BFD8BFF226F7CC7700DC03BC /* hippo.mp4 */; };
		BFD8BFFD26F7CC7A00DC03BC /* cheetah.mp4 in Resources */ = {isa = PBXBuildFile; fileRef = BFD8BFF326F7CC7700DC03BC /* cheetah.mp4 */; };
		BFD8BFFE26F7CC7A00DC03BC /* lioness.mp4 in Resources */ = {isa = PBXBuildFile; fileRef = BFD8BFF426F7CC7800DC03BC /* lioness.mp4 */; };
		BFD8BFFF26F7CC7A00DC03BC /* ostrich.mp4 in Resources */ = {isa = PBXBuildFile; fileRef = BFD8BFF526F7CC7800DC03BC /* ostrich.mp4 */; };
		BFD8C00026F7CC7A00DC03BC /* rhino.mp4 in Resources */ = {isa = PBXBuildFile; fileRef = BFD8BFF626F7CC7900DC03BC /* rhino.mp4 */; };
		BFD8C00126F7CC7A00DC03BC /* elephant.mp4 in Resources */ = {isa = PBXBuildFile; fileRef = BFD8BFF726F7CC7900DC03BC /* elephant.mp4 */; };
		BFD8C00226F7CC7A00DC03BC /* lion.mp4 in Resources */ = {isa = PBXBuildFile; fileRef = BFD8BFF826F7CC7A00DC03BC /* lion.mp4 */; };
		BFD8C00326F7CC7A00DC03BC /* zebra.mp4 in Resources */ = {isa = PBXBuildFile; fileRef = BFD8BFF926F7CC7A00DC03BC /* zebra.mp4 */; };
		BFD8C02026F92DDC00DC03BC /* VideoModel.swift in Sources */ = {isa = PBXBuildFile; fileRef = BFD8C01F26F92DDB00DC03BC /* VideoModel.swift */; };
		BFD8C02226F92E4200DC03BC /* VideoListItemView.swift in Sources */ = {isa = PBXBuildFile; fileRef = BFD8C02126F92E4200DC03BC /* VideoListItemView.swift */; };
		BFD8C02426F933FB00DC03BC /* VideoPlayerView.swift in Sources */ = {isa = PBXBuildFile; fileRef = BFD8C02326F933FB00DC03BC /* VideoPlayerView.swift */; };
		BFD8C02726F9351D00DC03BC /* VideoPlayerHelper.swift in Sources */ = {isa = PBXBuildFile; fileRef = BFD8C02626F9351D00DC03BC /* VideoPlayerHelper.swift */; };
/* End PBXBuildFile section */

/* Begin PBXFileReference section */
		BFD8BF9E26F6951B00DC03BC /* Africa.app */ = {isa = PBXFileReference; explicitFileType = wrapper.application; includeInIndex = 0; path = Africa.app; sourceTree = BUILT_PRODUCTS_DIR; };
		BFD8BFA126F6951B00DC03BC /* AfricaApp.swift */ = {isa = PBXFileReference; lastKnownFileType = sourcecode.swift; path = AfricaApp.swift; sourceTree = "<group>"; };
		BFD8BFA326F6951B00DC03BC /* ContentView.swift */ = {isa = PBXFileReference; lastKnownFileType = sourcecode.swift; path = ContentView.swift; sourceTree = "<group>"; };
		BFD8BFA526F6952500DC03BC /* Assets.xcassets */ = {isa = PBXFileReference; lastKnownFileType = folder.assetcatalog; path = Assets.xcassets; sourceTree = "<group>"; };
		BFD8BFA826F6952500DC03BC /* Preview Assets.xcassets */ = {isa = PBXFileReference; lastKnownFileType = folder.assetcatalog; path = "Preview Assets.xcassets"; sourceTree = "<group>"; };
		BFD8BFAA26F6952500DC03BC /* Info.plist */ = {isa = PBXFileReference; lastKnownFileType = text.plist.xml; path = Info.plist; sourceTree = "<group>"; };
		BFD8BFC626F6976F00DC03BC /* covers.json */ = {isa = PBXFileReference; fileEncoding = 4; lastKnownFileType = text.json; path = covers.json; sourceTree = "<group>"; };
		BFD8BFC726F6976F00DC03BC /* locations.json */ = {isa = PBXFileReference; fileEncoding = 4; lastKnownFileType = text.json; path = locations.json; sourceTree = "<group>"; };
		BFD8BFC826F6977000DC03BC /* videos.json */ = {isa = PBXFileReference; fileEncoding = 4; lastKnownFileType = text.json; path = videos.json; sourceTree = "<group>"; };
		BFD8BFC926F6977000DC03BC /* animals.json */ = {isa = PBXFileReference; fileEncoding = 4; lastKnownFileType = text.json; path = animals.json; sourceTree = "<group>"; };
		BFD8BFCF26F6996E00DC03BC /* VideoListView.swift */ = {isa = PBXFileReference; lastKnownFileType = sourcecode.swift; path = VideoListView.swift; sourceTree = "<group>"; };
		BFD8BFD126F6998000DC03BC /* MapView.swift */ = {isa = PBXFileReference; lastKnownFileType = sourcecode.swift; path = MapView.swift; sourceTree = "<group>"; };
		BFD8BFD326F6999600DC03BC /* GalleryView.swift */ = {isa = PBXFileReference; lastKnownFileType = sourcecode.swift; path = GalleryView.swift; sourceTree = "<group>"; };
		BFD8BFD526F699A700DC03BC /* MainView.swift */ = {isa = PBXFileReference; lastKnownFileType = sourcecode.swift; path = MainView.swift; sourceTree = "<group>"; };
		BFD8BFD826F7A2D600DC03BC /* CoverImageView.swift */ = {isa = PBXFileReference; lastKnownFileType = sourcecode.swift; path = CoverImageView.swift; sourceTree = "<group>"; };
		BFD8BFDB26F7A42300DC03BC /* CoverImageModel.swift */ = {isa = PBXFileReference; lastKnownFileType = sourcecode.swift; path = CoverImageModel.swift; sourceTree = "<group>"; };
		BFD8BFDE26F7A4F900DC03BC /* CodableBundleExtension.swift */ = {isa = PBXFileReference; lastKnownFileType = sourcecode.swift; path = CodableBundleExtension.swift; sourceTree = "<group>"; };
		BFD8BFE026F7AAC800DC03BC /* AnimalListItemView.swift */ = {isa = PBXFileReference; lastKnownFileType = sourcecode.swift; path = AnimalListItemView.swift; sourceTree = "<group>"; };
		BFD8BFE226F7AC6300DC03BC /* AnimalModel.swift */ = {isa = PBXFileReference; lastKnownFileType = sourcecode.swift; path = AnimalModel.swift; sourceTree = "<group>"; };
		BFD8BFE426F7B06100DC03BC /* AnimalDetailView.swift */ = {isa = PBXFileReference; lastKnownFileType = sourcecode.swift; path = AnimalDetailView.swift; sourceTree = "<group>"; };
		BFD8BFE626F7B28800DC03BC /* HeadingView.swift */ = {isa = PBXFileReference; lastKnownFileType = sourcecode.swift; path = HeadingView.swift; sourceTree = "<group>"; };
		BFD8BFE826F7B3B900DC03BC /* InsetGalleryView.swift */ = {isa = PBXFileReference; lastKnownFileType = sourcecode.swift; path = InsetGalleryView.swift; sourceTree = "<group>"; };
		BFD8BFEA26F7C16F00DC03BC /* insetFactView.swift */ = {isa = PBXFileReference; lastKnownFileType = sourcecode.swift; path = insetFactView.swift; sourceTree = "<group>"; };
		BFD8BFEC26F7C40200DC03BC /* InsetMapView.swift */ = {isa = PBXFileReference; lastKnownFileType = sourcecode.swift; path = InsetMapView.swift; sourceTree = "<group>"; };
		BFD8BFEE26F7C72200DC03BC /* ExternalWebLinkView.swift */ = {isa = PBXFileReference; lastKnownFileType = sourcecode.swift; path = ExternalWebLinkView.swift; sourceTree = "<group>"; };
		BFD8BFF026F7CC7600DC03BC /* gorilla.mp4 */ = {isa = PBXFileReference; lastKnownFileType = file; path = gorilla.mp4; sourceTree = "<group>"; };
		BFD8BFF126F7CC7600DC03BC /* giraffe.mp4 */ = {isa = PBXFileReference; lastKnownFileType = file; path = giraffe.mp4; sourceTree = "<group>"; };
		BFD8BFF226F7CC7700DC03BC /* hippo.mp4 */ = {isa = PBXFileReference; lastKnownFileType = file; path = hippo.mp4; sourceTree = "<group>"; };
		BFD8BFF326F7CC7700DC03BC /* cheetah.mp4 */ = {isa = PBXFileReference; lastKnownFileType = file; path = cheetah.mp4; sourceTree = "<group>"; };
		BFD8BFF426F7CC7800DC03BC /* lioness.mp4 */ = {isa = PBXFileReference; lastKnownFileType = file; path = lioness.mp4; sourceTree = "<group>"; };
		BFD8BFF526F7CC7800DC03BC /* ostrich.mp4 */ = {isa = PBXFileReference; lastKnownFileType = file; path = ostrich.mp4; sourceTree = "<group>"; };
		BFD8BFF626F7CC7900DC03BC /* rhino.mp4 */ = {isa = PBXFileReference; lastKnownFileType = file; path = rhino.mp4; sourceTree = "<group>"; };
		BFD8BFF726F7CC7900DC03BC /* elephant.mp4 */ = {isa = PBXFileReference; lastKnownFileType = file; path = elephant.mp4; sourceTree = "<group>"; };
		BFD8BFF826F7CC7A00DC03BC /* lion.mp4 */ = {isa = PBXFileReference; lastKnownFileType = file; path = lion.mp4; sourceTree = "<group>"; };
		BFD8BFF926F7CC7A00DC03BC /* zebra.mp4 */ = {isa = PBXFileReference; lastKnownFileType = file; path = zebra.mp4; sourceTree = "<group>"; };
		BFD8C01F26F92DDB00DC03BC /* VideoModel.swift */ = {isa = PBXFileReference; lastKnownFileType = sourcecode.swift; path = VideoModel.swift; sourceTree = "<group>"; };
		BFD8C02126F92E4200DC03BC /* VideoListItemView.swift */ = {isa = PBXFileReference; lastKnownFileType = sourcecode.swift; path = VideoListItemView.swift; sourceTree = "<group>"; };
		BFD8C02326F933FB00DC03BC /* VideoPlayerView.swift */ = {isa = PBXFileReference; lastKnownFileType = sourcecode.swift; path = VideoPlayerView.swift; sourceTree = "<group>"; };
		BFD8C02626F9351D00DC03BC /* VideoPlayerHelper.swift */ = {isa = PBXFileReference; lastKnownFileType = sourcecode.swift; path = VideoPlayerHelper.swift; sourceTree = "<group>"; };
/* End PBXFileReference section */

/* Begin PBXFrameworksBuildPhase section */
		BFD8BF9B26F6951B00DC03BC /* Frameworks */ = {
			isa = PBXFrameworksBuildPhase;
			buildActionMask = 2147483647;
			files = (
			);
			runOnlyForDeploymentPostprocessing = 0;
		};
/* End PBXFrameworksBuildPhase section */

/* Begin PBXGroup section */
		BFD8BF9526F6951B00DC03BC = {
			isa = PBXGroup;
			children = (
				BFD8BFA026F6951B00DC03BC /* Africa */,
				BFD8BF9F26F6951B00DC03BC /* Products */,
			);
			sourceTree = "<group>";
		};
		BFD8BF9F26F6951B00DC03BC /* Products */ = {
			isa = PBXGroup;
			children = (
				BFD8BF9E26F6951B00DC03BC /* Africa.app */,
			);
			name = Products;
			sourceTree = "<group>";
		};
		BFD8BFA026F6951B00DC03BC /* Africa */ = {
			isa = PBXGroup;
			children = (
				BFD8C02526F9350300DC03BC /* Helper */,
				BFD8BFDD26F7A4E500DC03BC /* Extension */,
				BFD8BFDA26F7A40900DC03BC /* Model */,
				BFD8BFD726F7A2C400DC03BC /* View */,
				BFD8BFCE26F6992D00DC03BC /* App */,
				BFD8BFC526F6975100DC03BC /* Data */,
				BFD8BFB026F696E300DC03BC /* Video */,
				BFD8BFA526F6952500DC03BC /* Assets.xcassets */,
				BFD8BFAA26F6952500DC03BC /* Info.plist */,
				BFD8BFA726F6952500DC03BC /* Preview Content */,
			);
			path = Africa;
			sourceTree = "<group>";
		};
		BFD8BFA726F6952500DC03BC /* Preview Content */ = {
			isa = PBXGroup;
			children = (
				BFD8BFA826F6952500DC03BC /* Preview Assets.xcassets */,
			);
			path = "Preview Content";
			sourceTree = "<group>";
		};
		BFD8BFB026F696E300DC03BC /* Video */ = {
			isa = PBXGroup;
			children = (
				BFD8BFF326F7CC7700DC03BC /* cheetah.mp4 */,
				BFD8BFF726F7CC7900DC03BC /* elephant.mp4 */,
				BFD8BFF126F7CC7600DC03BC /* giraffe.mp4 */,
				BFD8BFF026F7CC7600DC03BC /* gorilla.mp4 */,
				BFD8BFF226F7CC7700DC03BC /* hippo.mp4 */,
				BFD8BFF826F7CC7A00DC03BC /* lion.mp4 */,
				BFD8BFF426F7CC7800DC03BC /* lioness.mp4 */,
				BFD8BFF526F7CC7800DC03BC /* ostrich.mp4 */,
				BFD8BFF626F7CC7900DC03BC /* rhino.mp4 */,
				BFD8BFF926F7CC7A00DC03BC /* zebra.mp4 */,
			);
			path = Video;
			sourceTree = "<group>";
		};
		BFD8BFC526F6975100DC03BC /* Data */ = {
			isa = PBXGroup;
			children = (
				BFD8BFC926F6977000DC03BC /* animals.json */,
				BFD8BFC626F6976F00DC03BC /* covers.json */,
				BFD8BFC726F6976F00DC03BC /* locations.json */,
				BFD8BFC826F6977000DC03BC /* videos.json */,
			);
			path = Data;
			sourceTree = "<group>";
		};
		BFD8BFCE26F6992D00DC03BC /* App */ = {
			isa = PBXGroup;
			children = (
				BFD8BFA126F6951B00DC03BC /* AfricaApp.swift */,
				BFD8BFA326F6951B00DC03BC /* ContentView.swift */,
				BFD8BFCF26F6996E00DC03BC /* VideoListView.swift */,
				BFD8BFD126F6998000DC03BC /* MapView.swift */,
				BFD8BFD326F6999600DC03BC /* GalleryView.swift */,
				BFD8BFD526F699A700DC03BC /* MainView.swift */,
			);
			path = App;
			sourceTree = "<group>";
		};
		BFD8BFD726F7A2C400DC03BC /* View */ = {
			isa = PBXGroup;
			children = (
				BFD8BFD826F7A2D600DC03BC /* CoverImageView.swift */,
				BFD8BFE026F7AAC800DC03BC /* AnimalListItemView.swift */,
				BFD8BFE426F7B06100DC03BC /* AnimalDetailView.swift */,
				BFD8BFE626F7B28800DC03BC /* HeadingView.swift */,
				BFD8BFE826F7B3B900DC03BC /* InsetGalleryView.swift */,
				BFD8BFEA26F7C16F00DC03BC /* insetFactView.swift */,
				BFD8BFEC26F7C40200DC03BC /* InsetMapView.swift */,
				BFD8BFEE26F7C72200DC03BC /* ExternalWebLinkView.swift */,
				BFD8C02126F92E4200DC03BC /* VideoListItemView.swift */,
				BFD8C02326F933FB00DC03BC /* VideoPlayerView.swift */,
			);
			path = View;
			sourceTree = "<group>";
		};
		BFD8BFDA26F7A40900DC03BC /* Model */ = {
			isa = PBXGroup;
			children = (
				BFD8BFDB26F7A42300DC03BC /* CoverImageModel.swift */,
				BFD8BFE226F7AC6300DC03BC /* AnimalModel.swift */,
				BFD8C01F26F92DDB00DC03BC /* VideoModel.swift */,
			);
			path = Model;
			sourceTree = "<group>";
		};
		BFD8BFDD26F7A4E500DC03BC /* Extension */ = {
			isa = PBXGroup;
			children = (
				BFD8BFDE26F7A4F900DC03BC /* CodableBundleExtension.swift */,
			);
			path = Extension;
			sourceTree = "<group>";
		};
		BFD8C02526F9350300DC03BC /* Helper */ = {
			isa = PBXGroup;
			children = (
				BFD8C02626F9351D00DC03BC /* VideoPlayerHelper.swift */,
			);
			path = Helper;
			sourceTree = "<group>";
		};
/* End PBXGroup section */

/* Begin PBXNativeTarget section */
		BFD8BF9D26F6951B00DC03BC /* Africa */ = {
			isa = PBXNativeTarget;
			buildConfigurationList = BFD8BFAD26F6952500DC03BC /* Build configuration list for PBXNativeTarget "Africa" */;
			buildPhases = (
				BFD8BF9A26F6951B00DC03BC /* Sources */,
				BFD8BF9B26F6951B00DC03BC /* Frameworks */,
				BFD8BF9C26F6951B00DC03BC /* Resources */,
			);
			buildRules = (
			);
			dependencies = (
			);
			name = Africa;
			productName = Africa;
			productReference = BFD8BF9E26F6951B00DC03BC /* Africa.app */;
			productType = "com.apple.product-type.application";
		};
/* End PBXNativeTarget section */

/* Begin PBXProject section */
		BFD8BF9626F6951B00DC03BC /* Project object */ = {
			isa = PBXProject;
			attributes = {
				LastSwiftUpdateCheck = 1250;
				LastUpgradeCheck = 1250;
				TargetAttributes = {
					BFD8BF9D26F6951B00DC03BC = {
						CreatedOnToolsVersion = 12.5;
					};
				};
			};
			buildConfigurationList = BFD8BF9926F6951B00DC03BC /* Build configuration list for PBXProject "Africa" */;
			compatibilityVersion = "Xcode 9.3";
			developmentRegion = en;
			hasScannedForEncodings = 0;
			knownRegions = (
				en,
				Base,
			);
			mainGroup = BFD8BF9526F6951B00DC03BC;
			productRefGroup = BFD8BF9F26F6951B00DC03BC /* Products */;
			projectDirPath = "";
			projectRoot = "";
			targets = (
				BFD8BF9D26F6951B00DC03BC /* Africa */,
			);
		};
/* End PBXProject section */

/* Begin PBXResourcesBuildPhase section */
		BFD8BF9C26F6951B00DC03BC /* Resources */ = {
			isa = PBXResourcesBuildPhase;
			buildActionMask = 2147483647;
			files = (
				BFD8BFCB26F6977000DC03BC /* locations.json in Resources */,
				BFD8BFFE26F7CC7A00DC03BC /* lioness.mp4 in Resources */,
				BFD8BFFC26F7CC7A00DC03BC /* hippo.mp4 in Resources */,
				BFD8BFCA26F6977000DC03BC /* covers.json in Resources */,
				BFD8C00126F7CC7A00DC03BC /* elephant.mp4 in Resources */,
				BFD8BFCC26F6977000DC03BC /* videos.json in Resources */,
				BFD8BFFA26F7CC7A00DC03BC /* gorilla.mp4 in Resources */,
				BFD8BFFF26F7CC7A00DC03BC /* ostrich.mp4 in Resources */,
				BFD8C00026F7CC7A00DC03BC /* rhino.mp4 in Resources */,
				BFD8BFA926F6952500DC03BC /* Preview Assets.xcassets in Resources */,
				BFD8BFFD26F7CC7A00DC03BC /* cheetah.mp4 in Resources */,
				BFD8BFA626F6952500DC03BC /* Assets.xcassets in Resources */,
				BFD8C00326F7CC7A00DC03BC /* zebra.mp4 in Resources */,
				BFD8BFFB26F7CC7A00DC03BC /* giraffe.mp4 in Resources */,
				BFD8C00226F7CC7A00DC03BC /* lion.mp4 in Resources */,
				BFD8BFCD26F6977000DC03BC /* animals.json in Resources */,
			);
			runOnlyForDeploymentPostprocessing = 0;
		};
/* End PBXResourcesBuildPhase section */

/* Begin PBXSourcesBuildPhase section */
		BFD8BF9A26F6951B00DC03BC /* Sources */ = {
			isa = PBXSourcesBuildPhase;
			buildActionMask = 2147483647;
			files = (
				BFD8BFA426F6951B00DC03BC /* ContentView.swift in Sources */,
				BFD8BFE126F7AAC800DC03BC /* AnimalListItemView.swift in Sources */,
				BFD8BFD626F699A700DC03BC /* MainView.swift in Sources */,
				BFD8BFD926F7A2D600DC03BC /* CoverImageView.swift in Sources */,
				BFD8BFDC26F7A42300DC03BC /* CoverImageModel.swift in Sources */,
				BFD8BFE526F7B06100DC03BC /* AnimalDetailView.swift in Sources */,
				BFD8BFE326F7AC6300DC03BC /* AnimalModel.swift in Sources */,
				BFD8C02426F933FB00DC03BC /* VideoPlayerView.swift in Sources */,
				BFD8BFD226F6998000DC03BC /* MapView.swift in Sources */,
				BFD8BFA226F6951B00DC03BC /* AfricaApp.swift in Sources */,
				BFD8C02726F9351D00DC03BC /* VideoPlayerHelper.swift in Sources */,
				BFD8BFED26F7C40200DC03BC /* InsetMapView.swift in Sources */,
				BFD8BFD026F6996E00DC03BC /* VideoListView.swift in Sources */,
				BFD8BFEF26F7C72200DC03BC /* ExternalWebLinkView.swift in Sources */,
				BFD8BFD426F6999600DC03BC /* GalleryView.swift in Sources */,
				BFD8C02026F92DDC00DC03BC /* VideoModel.swift in Sources */,
				BFD8BFE926F7B3B900DC03BC /* InsetGalleryView.swift in Sources */,
				BFD8BFDF26F7A4F900DC03BC /* CodableBundleExtension.swift in Sources */,
				BFD8C02226F92E4200DC03BC /* VideoListItemView.swift in Sources */,
				BFD8BFE726F7B28800DC03BC /* HeadingView.swift in Sources */,
				BFD8BFEB26F7C16F00DC03BC /* insetFactView.swift in Sources */,
			);
			runOnlyForDeploymentPostprocessing = 0;
		};
/* End PBXSourcesBuildPhase section */

/* Begin XCBuildConfiguration section */
		BFD8BFAB26F6952500DC03BC /* Debug */ = {
			isa = XCBuildConfiguration;
			buildSettings = {
				ALWAYS_SEARCH_USER_PATHS = NO;
				CLANG_ANALYZER_NONNULL = YES;
				CLANG_ANALYZER_NUMBER_OBJECT_CONVERSION = YES_AGGRESSIVE;
				CLANG_CXX_LANGUAGE_STANDARD = "gnu++14";
				CLANG_CXX_LIBRARY = "libc++";
				CLANG_ENABLE_MODULES = YES;
				CLANG_ENABLE_OBJC_ARC = YES;
				CLANG_ENABLE_OBJC_WEAK = YES;
				CLANG_WARN_BLOCK_CAPTURE_AUTORELEASING = YES;
				CLANG_WARN_BOOL_CONVERSION = YES;
				CLANG_WARN_COMMA = YES;
				CLANG_WARN_CONSTANT_CONVERSION = YES;
				CLANG_WARN_DEPRECATED_OBJC_IMPLEMENTATIONS = YES;
				CLANG_WARN_DIRECT_OBJC_ISA_USAGE = YES_ERROR;
				CLANG_WARN_DOCUMENTATION_COMMENTS = YES;
				CLANG_WARN_EMPTY_BODY = YES;
				CLANG_WARN_ENUM_CONVERSION = YES;
				CLANG_WARN_INFINITE_RECURSION = YES;
				CLANG_WARN_INT_CONVERSION = YES;
				CLANG_WARN_NON_LITERAL_NULL_CONVERSION = YES;
				CLANG_WARN_OBJC_IMPLICIT_RETAIN_SELF = YES;
				CLANG_WARN_OBJC_LITERAL_CONVERSION = YES;
				CLANG_WARN_OBJC_ROOT_CLASS = YES_ERROR;
				CLANG_WARN_QUOTED_INCLUDE_IN_FRAMEWORK_HEADER = YES;
				CLANG_WARN_RANGE_LOOP_ANALYSIS = YES;
				CLANG_WARN_STRICT_PROTOTYPES = YES;
				CLANG_WARN_SUSPICIOUS_MOVE = YES;
				CLANG_WARN_UNGUARDED_AVAILABILITY = YES_AGGRESSIVE;
				CLANG_WARN_UNREACHABLE_CODE = YES;
				CLANG_WARN__DUPLICATE_METHOD_MATCH = YES;
				COPY_PHASE_STRIP = NO;
				DEBUG_INFORMATION_FORMAT = dwarf;
				ENABLE_STRICT_OBJC_MSGSEND = YES;
				ENABLE_TESTABILITY = YES;
				GCC_C_LANGUAGE_STANDARD = gnu11;
				GCC_DYNAMIC_NO_PIC = NO;
				GCC_NO_COMMON_BLOCKS = YES;
				GCC_OPTIMIZATION_LEVEL = 0;
				GCC_PREPROCESSOR_DEFINITIONS = (
					"DEBUG=1",
					"$(inherited)",
				);
				GCC_WARN_64_TO_32_BIT_CONVERSION = YES;
				GCC_WARN_ABOUT_RETURN_TYPE = YES_ERROR;
				GCC_WARN_UNDECLARED_SELECTOR = YES;
				GCC_WARN_UNINITIALIZED_AUTOS = YES_AGGRESSIVE;
				GCC_WARN_UNUSED_FUNCTION = YES;
				GCC_WARN_UNUSED_VARIABLE = YES;
				IPHONEOS_DEPLOYMENT_TARGET = 14.5;
				MTL_ENABLE_DEBUG_INFO = INCLUDE_SOURCE;
				MTL_FAST_MATH = YES;
				ONLY_ACTIVE_ARCH = YES;
				SDKROOT = iphoneos;
				SWIFT_ACTIVE_COMPILATION_CONDITIONS = DEBUG;
				SWIFT_OPTIMIZATION_LEVEL = "-Onone";
			};
			name = Debug;
		};
		BFD8BFAC26F6952500DC03BC /* Release */ = {
			isa = XCBuildConfiguration;
			buildSettings = {
				ALWAYS_SEARCH_USER_PATHS = NO;
				CLANG_ANALYZER_NONNULL = YES;
				CLANG_ANALYZER_NUMBER_OBJECT_CONVERSION = YES_AGGRESSIVE;
				CLANG_CXX_LANGUAGE_STANDARD = "gnu++14";
				CLANG_CXX_LIBRARY = "libc++";
				CLANG_ENABLE_MODULES = YES;
				CLANG_ENABLE_OBJC_ARC = YES;
				CLANG_ENABLE_OBJC_WEAK = YES;
				CLANG_WARN_BLOCK_CAPTURE_AUTORELEASING = YES;
				CLANG_WARN_BOOL_CONVERSION = YES;
				CLANG_WARN_COMMA = YES;
				CLANG_WARN_CONSTANT_CONVERSION = YES;
				CLANG_WARN_DEPRECATED_OBJC_IMPLEMENTATIONS = YES;
				CLANG_WARN_DIRECT_OBJC_ISA_USAGE = YES_ERROR;
				CLANG_WARN_DOCUMENTATION_COMMENTS = YES;
				CLANG_WARN_EMPTY_BODY = YES;
				CLANG_WARN_ENUM_CONVERSION = YES;
				CLANG_WARN_INFINITE_RECURSION = YES;
				CLANG_WARN_INT_CONVERSION = YES;
				CLANG_WARN_NON_LITERAL_NULL_CONVERSION = YES;
				CLANG_WARN_OBJC_IMPLICIT_RETAIN_SELF = YES;
				CLANG_WARN_OBJC_LITERAL_CONVERSION = YES;
				CLANG_WARN_OBJC_ROOT_CLASS = YES_ERROR;
				CLANG_WARN_QUOTED_INCLUDE_IN_FRAMEWORK_HEADER = YES;
				CLANG_WARN_RANGE_LOOP_ANALYSIS = YES;
				CLANG_WARN_STRICT_PROTOTYPES = YES;
				CLANG_WARN_SUSPICIOUS_MOVE = YES;
				CLANG_WARN_UNGUARDED_AVAILABILITY = YES_AGGRESSIVE;
				CLANG_WARN_UNREACHABLE_CODE = YES;
				CLANG_WARN__DUPLICATE_METHOD_MATCH = YES;
				COPY_PHASE_STRIP = NO;
				DEBUG_INFORMATION_FORMAT = "dwarf-with-dsym";
				ENABLE_NS_ASSERTIONS = NO;
				ENABLE_STRICT_OBJC_MSGSEND = YES;
				GCC_C_LANGUAGE_STANDARD = gnu11;
				GCC_NO_COMMON_BLOCKS = YES;
				GCC_WARN_64_TO_32_BIT_CONVERSION = YES;
				GCC_WARN_ABOUT_RETURN_TYPE = YES_ERROR;
				GCC_WARN_UNDECLARED_SELECTOR = YES;
				GCC_WARN_UNINITIALIZED_AUTOS = YES_AGGRESSIVE;
				GCC_WARN_UNUSED_FUNCTION = YES;
				GCC_WARN_UNUSED_VARIABLE = YES;
				IPHONEOS_DEPLOYMENT_TARGET = 14.5;
				MTL_ENABLE_DEBUG_INFO = NO;
				MTL_FAST_MATH = YES;
				SDKROOT = iphoneos;
				SWIFT_COMPILATION_MODE = wholemodule;
				SWIFT_OPTIMIZATION_LEVEL = "-O";
				VALIDATE_PRODUCT = YES;
			};
			name = Release;
		};
		BFD8BFAE26F6952500DC03BC /* Debug */ = {
			isa = XCBuildConfiguration;
			buildSettings = {
				ASSETCATALOG_COMPILER_APPICON_NAME = AppIcon;
				ASSETCATALOG_COMPILER_GLOBAL_ACCENT_COLOR_NAME = AccentColor;
				CODE_SIGN_STYLE = Automatic;
				DEVELOPMENT_ASSET_PATHS = "\"Africa/Preview Content\"";
				DEVELOPMENT_TEAM = HGNXB64TGD;
				ENABLE_PREVIEWS = YES;
				INFOPLIST_FILE = Africa/Info.plist;
				IPHONEOS_DEPLOYMENT_TARGET = 14.0;
				LD_RUNPATH_SEARCH_PATHS = (
					"$(inherited)",
					"@executable_path/Frameworks",
				);
				PRODUCT_BUNDLE_IDENTIFIER = com.Africa;
				PRODUCT_NAME = "$(TARGET_NAME)";
				SWIFT_VERSION = 5.0;
				TARGETED_DEVICE_FAMILY = "1,2";
			};
			name = Debug;
		};
		BFD8BFAF26F6952500DC03BC /* Release */ = {
			isa = XCBuildConfiguration;
			buildSettings = {
				ASSETCATALOG_COMPILER_APPICON_NAME = AppIcon;
				ASSETCATALOG_COMPILER_GLOBAL_ACCENT_COLOR_NAME = AccentColor;
				CODE_SIGN_STYLE = Automatic;
				DEVELOPMENT_ASSET_PATHS = "\"Africa/Preview Content\"";
				DEVELOPMENT_TEAM = HGNXB64TGD;
				ENABLE_PREVIEWS = YES;
				INFOPLIST_FILE = Africa/Info.plist;
				IPHONEOS_DEPLOYMENT_TARGET = 14.0;
				LD_RUNPATH_SEARCH_PATHS = (
					"$(inherited)",
					"@executable_path/Frameworks",
				);
				PRODUCT_BUNDLE_IDENTIFIER = com.Africa;
				PRODUCT_NAME = "$(TARGET_NAME)";
				SWIFT_VERSION = 5.0;
				TARGETED_DEVICE_FAMILY = "1,2";
			};
			name = Release;
		};
/* End XCBuildConfiguration section */

/* Begin XCConfigurationList section */
		BFD8BF9926F6951B00DC03BC /* Build configuration list for PBXProject "Africa" */ = {
			isa = XCConfigurationList;
			buildConfigurations = (
				BFD8BFAB26F6952500DC03BC /* Debug */,
				BFD8BFAC26F6952500DC03BC /* Release */,
			);
			defaultConfigurationIsVisible = 0;
			defaultConfigurationName = Release;
		};
		BFD8BFAD26F6952500DC03BC /* Build configuration list for PBXNativeTarget "Africa" */ = {
			isa = XCConfigurationList;
			buildConfigurations = (
				BFD8BFAE26F6952500DC03BC /* Debug */,
				BFD8BFAF26F6952500DC03BC /* Release */,
			);
			defaultConfigurationIsVisible = 0;
			defaultConfigurationName = Release;
		};
/* End XCConfigurationList section */
	};
	rootObject = BFD8BF9626F6951B00DC03BC /* Project object */;
}
